
Microsoft Visual Studio Solution File, Format Version 12.00
# Visual Studio Version 17
VisualStudioVersion = 17.4.33122.133
MinimumVisualStudioVersion = 10.0.40219.1
Project("{9A19103F-16F7-4668-BE54-9A1E7A4F7556}") = "CustomDataStructures.Domain", "CustomDataStructures.Domain\CustomDataStructures.Domain.csproj", "{9547AC3E-573D-41A7-8067-6954A7E7E706}"
EndProject
Project("{9A19103F-16F7-4668-BE54-9A1E7A4F7556}") = "CustomDataStructures.Tests", "CustomDataStructures.Tests\CustomDataStructures.Tests.csproj", "{8A72291A-A957-4744-9E7C-9857A9C09F9F}"
EndProject
Project("{9A19103F-16F7-4668-BE54-9A1E7A4F7556}") = "CustomDataStructures.DTOs", "CustomDataStructures.DTOs\CustomDataStructures.DTOs.csproj", "{256D4BE6-BBE1-4CA6-ADE3-04722CAAA942}"
EndProject
Project("{2150E333-8FDC-42A3-9474-1A3956D46DE8}") = "Solution Items", "Solution Items", "{FB9C6F25-3C47-4090-87DA-DAB4324857D8}"
	ProjectSection(SolutionItems) = preProject
		CustomDataStructuresUML.jpg = CustomDataStructuresUML.jpg
		QuickPopDataStructureFlowchart.jpg = QuickPopDataStructureFlowchart.jpg
	EndProjectSection
EndProject
Global
	GlobalSection(SolutionConfigurationPlatforms) = preSolution
		Debug|Any CPU = Debug|Any CPU
		Release|Any CPU = Release|Any CPU
	EndGlobalSection
	GlobalSection(ProjectConfigurationPlatforms) = postSolution
		{9547AC3E-573D-41A7-8067-6954A7E7E706}.Debug|Any CPU.ActiveCfg = Debug|Any CPU
		{9547AC3E-573D-41A7-8067-6954A7E7E706}.Debug|Any CPU.Build.0 = Debug|Any CPU
		{9547AC3E-573D-41A7-8067-6954A7E7E706}.Release|Any CPU.ActiveCfg = Release|Any CPU
		{9547AC3E-573D-41A7-8067-6954A7E7E706}.Release|Any CPU.Build.0 = Release|Any CPU
		{8A72291A-A957-4744-9E7C-9857A9C09F9F}.Debug|Any CPU.ActiveCfg = Debug|Any CPU
		{8A72291A-A957-4744-9E7C-9857A9C09F9F}.Debug|Any CPU.Build.0 = Debug|Any CPU
		{8A72291A-A957-4744-9E7C-9857A9C09F9F}.Release|Any CPU.ActiveCfg = Release|Any CPU
		{8A72291A-A957-4744-9E7C-9857A9C09F9F}.Release|Any CPU.Build.0 = Release|Any CPU
		{256D4BE6-BBE1-4CA6-ADE3-04722CAAA942}.Debug|Any CPU.ActiveCfg = Debug|Any CPU
		{256D4BE6-BBE1-4CA6-ADE3-04722CAAA942}.Debug|Any CPU.Build.0 = Debug|Any CPU
		{256D4BE6-BBE1-4CA6-ADE3-04722CAAA942}.Release|Any CPU.ActiveCfg = Release|Any CPU
		{256D4BE6-BBE1-4CA6-ADE3-04722CAAA942}.Release|Any CPU.Build.0 = Release|Any CPU
	EndGlobalSection
	GlobalSection(SolutionProperties) = preSolution
		HideSolutionNode = FALSE
	EndGlobalSection
	GlobalSection(ExtensibilityGlobals) = postSolution
		SolutionGuid = {A941EBBD-D58D-46BF-8D32-4F46D91E8F15}
	EndGlobalSection
EndGlobal
